{
  "name": "@html-eslint/parser",
  "version": "0.14.0",
  "lockfileVersion": 1,
  "requires": true,
  "dependencies": {
    "es-html-parser": {
      "version": "0.0.7",
      "resolved": "https://registry.npmjs.org/es-html-parser/-/es-html-parser-0.0.7.tgz",
      "integrity": "sha512-fk5lrFhVQtCN97YRjV5ClFc1pIlbsOP6Vx0J7RERTHk2yiHA9IWuws6Crx1Ueo9ZpBAY8aBbqyYyDitn584U+Q=="
    }
  }
}
