{
  "name": "@html-eslint/parser",
  "version": "0.15.0",
  "lockfileVersion": 1,
  "requires": true,
  "dependencies": {
    "es-html-parser": {
      "version": "0.0.8",
      "resolved": "https://registry.npmjs.org/es-html-parser/-/es-html-parser-0.0.8.tgz",
      "integrity": "sha512-kjMH23xhvTBw/7Ve1Dtb/7yZdFajfvwOpdsgRHmnyt8yvTsDJnkFjUgEEaMZFW+e1OhN/eoZrvF9wehq+waTGg=="
    }
  }
}
