{
  "name": "@html-eslint/parser",
  "version": "0.13.2",
  "lockfileVersion": 1,
  "requires": true,
  "dependencies": {
    "es-html-parser": {
      "version": "0.0.6",
      "resolved": "https://registry.npmjs.org/es-html-parser/-/es-html-parser-0.0.6.tgz",
      "integrity": "sha512-UskGWz/cCTkRqlxlU21/BIjhqioRX/5EfEBVE5ji5QHQ770yue4IQMKGV849ftqJesQgs8Sfs59fkEwBKFYFQA=="
    }
  }
}
