{
  "name": "@html-eslint/eslint-plugin",
  "version": "0.14.1",
  "lockfileVersion": 1,
  "requires": true,
  "dependencies": {
    "@types/eslint": {
      "version": "7.2.10",
      "resolved": "https://registry.npmjs.org/@types/eslint/-/eslint-7.2.10.tgz",
      "integrity": "sha512-kUEPnMKrqbtpCq/KTaGFFKAcz6Ethm2EjCoKIDaCmfRBWLbFuTcOJfTlorwbnboXBzahqWLgUp1BQeKHiJzPUQ==",
      "dev": true,
      "requires": {
        "@types/estree": "*",
        "@types/json-schema": "*"
      }
    },
    "@types/estree": {
      "version": "0.0.47",
      "resolved": "https://registry.npmjs.org/@types/estree/-/estree-0.0.47.tgz",
      "integrity": "sha512-c5ciR06jK8u9BstrmJyO97m+klJrrhCf9u3rLu3DEAJBirxRqSCvDQoYKmxuYwQI5SZChAWu+tq9oVlGRuzPAg==",
      "dev": true
    },
    "@types/json-schema": {
      "version": "7.0.7",
      "resolved": "https://registry.npmjs.org/@types/json-schema/-/json-schema-7.0.7.tgz",
      "integrity": "sha512-cxWFQVseBm6O9Gbw1IWb8r6OS4OhSt3hPZLkFApLjM8TEXROBuQGLAH2i2gZpcXdLBIrpXuTDhH7Vbm1iXmNGA==",
      "dev": true
    },
    "es-html-parser": {
      "version": "0.0.8",
      "resolved": "https://registry.npmjs.org/es-html-parser/-/es-html-parser-0.0.8.tgz",
      "integrity": "sha512-kjMH23xhvTBw/7Ve1Dtb/7yZdFajfvwOpdsgRHmnyt8yvTsDJnkFjUgEEaMZFW+e1OhN/eoZrvF9wehq+waTGg==",
      "dev": true
    },
    "typescript": {
      "version": "4.4.4",
      "resolved": "https://registry.npmjs.org/typescript/-/typescript-4.4.4.tgz",
      "integrity": "sha512-DqGhF5IKoBl8WNf8C1gu8q0xZSInh9j1kJJMqT3a94w1JzVaBU4EXOSMrz9yDqMT0xt3selp83fuFMQ0uzv6qA==",
      "dev": true
    }
  }
}
